{
  "name": "relock-npm-lock-v2-3f4lcD",
  "lockfileVersion": 2,
  "requires": true,
  "packages": {
    "": {
      "dependencies": {
        "caniuse-lite": "^1.0.30001757"
      }
    },
    "node_modules/caniuse-lite": {
      "version": "1.0.30001757",
      "resolved": "https://registry.npmjs.org/caniuse-lite/-/caniuse-lite-1.0.30001757.tgz",
      "integrity": "sha512-r0nnL/I28Zi/yjk1el6ilj27tKcdjLsNqAOZr0yVjWPrSQyHgKI2INaEWw21bAQSv2LXRt1XuCS/GomNpWOxsQ==",
      "funding": [
        {
          "type": "opencollective",
          "url": "https://opencollective.com/browserslist"
        },
        {
          "type": "tidelift",
          "url": "https://tidelift.com/funding/github/npm/caniuse-lite"
        },
        {
          "type": "github",
          "url": "https://github.com/sponsors/ai"
        }
      ],
      "license": "CC-BY-4.0"
    }
  },
  "dependencies": {
    "caniuse-lite": {
      "version": "1.0.30001757",
      "resolved": "https://registry.npmjs.org/caniuse-lite/-/caniuse-lite-1.0.30001757.tgz",
      "integrity": "sha512-r0nnL/I28Zi/yjk1el6ilj27tKcdjLsNqAOZr0yVjWPrSQyHgKI2INaEWw21bAQSv2LXRt1XuCS/GomNpWOxsQ=="
    }
  }
}
